<?xml version="1.0" encoding="utf-8"?>
<Project ToolsVersion="4.0" xmlns="http://schemas.microsoft.com/developer/msbuild/2003">
  <ItemGroup>
    <Filter Include="Source Files">
      <UniqueIdentifier>{4FC737F1-C7A5-4376-A066-2A32D752A2FF}</UniqueIdentifier>
      <Extensions>cpp;c;cc;cxx;def;odl;idl;hpj;bat;asm;asmx</Extensions>
    </Filter>
    <Filter Include="Header Files">
      <UniqueIdentifier>{93995380-89BD-4b04-88EB-625FBE52EBFB}</UniqueIdentifier>
      <Extensions>h;hh;hpp;hxx;hm;inl;inc;xsd</Extensions>
    </Filter>
    <Filter Include="Resource Files">
      <UniqueIdentifier>{D9D6E242-F8AF-46E4-B9FD-80ECBC20BA3E}</UniqueIdentifier>
      <Extensions>qrc;*</Extensions>
      <ParseFiles>false</ParseFiles>
    </Filter>
    <Filter Include="Form Files">
      <UniqueIdentifier>{99349809-55BA-4b9d-BF79-8FDBB0286EB3}</UniqueIdentifier>
      <Extensions>ui</Extensions>
    </Filter>
    <Filter Include="Resource Files">
      <UniqueIdentifier>{D9D6E242-F8AF-46E4-B9FD-80ECBC20BA3E}</UniqueIdentifier>
      <Extensions>qrc;*</Extensions>
      <ParseFiles>false</ParseFiles>
    </Filter>
    <Filter Include="Generated Files">
      <UniqueIdentifier>{71ED8ED8-ACB9-4CE9-BBE1-E00B30144E11}</UniqueIdentifier>
      <Extensions>moc;h;cpp</Extensions>
      <SourceControlFiles>False</SourceControlFiles>
    </Filter>
    <Filter Include="Header Files\PlayerWidget">
      <UniqueIdentifier>{297ec8de-826e-4b41-8c3a-13ed4a307e5d}</UniqueIdentifier>
    </Filter>
    <Filter Include="Source Files\PlayerWidget">
      <UniqueIdentifier>{57f937e0-d54a-4b0c-845f-917d70966261}</UniqueIdentifier>
    </Filter>
    <Filter Include="Header Files\Factory">
      <UniqueIdentifier>{bfe2654e-c0c8-4ab0-a3cc-46d19d481d9e}</UniqueIdentifier>
    </Filter>
    <Filter Include="Source Files\Factory">
      <UniqueIdentifier>{318ef308-2e52-4223-ad88-9b151dc2443d}</UniqueIdentifier>
    </Filter>
    <Filter Include="Source Files\Browser">
      <UniqueIdentifier>{653981ab-2f23-4348-a6b7-399d23a4c5c9}</UniqueIdentifier>
    </Filter>
    <Filter Include="Header Files\Browser">
      <UniqueIdentifier>{50779b58-8e55-4385-a2be-8088cc76034c}</UniqueIdentifier>
    </Filter>
    <Filter Include="Source Files\API">
      <UniqueIdentifier>{da03a5c4-8887-429c-abd8-3322322db96e}</UniqueIdentifier>
    </Filter>
    <Filter Include="Header Files\API">
      <UniqueIdentifier>{5f1ec957-bd77-4d35-b5bf-843a241d9fbb}</UniqueIdentifier>
    </Filter>
  </ItemGroup>
  <ItemGroup>
    <ClCompile Include="main.cpp">
      <Filter>Source Files</Filter>
    </ClCompile>
    <ClCompile Include="MyVideoPlayer.cpp">
      <Filter>Source Files</Filter>
    </ClCompile>
    <ClCompile Include="Widget.cpp">
      <Filter>Source Files</Filter>
    </ClCompile>
    <ClCompile Include="ScreenSaverCtrl.cpp">
      <Filter>Source Files</Filter>
    </ClCompile>
    <ClCompile Include="BrowserWindow.cpp">
      <Filter>Source Files\Browser</Filter>
    </ClCompile>
    <ClCompile Include="WebPage.cpp">
      <Filter>Source Files\Browser</Filter>
    </ClCompile>
    <ClCompile Include="TabWidget.cpp">
      <Filter>Source Files\Browser</Filter>
    </ClCompile>
    <ClCompile Include="WebView.cpp">
      <Filter>Source Files\Browser</Filter>
    </ClCompile>
    <ClCompile Include="Tencent.cpp">
      <Filter>Source Files\API</Filter>
    </ClCompile>
    <ClCompile Include="VideoApiFactory.cpp">
      <Filter>Source Files\Factory</Filter>
    </ClCompile>
    <ClCompile Include="NetworkTools.cpp">
      <Filter>Source Files</Filter>
    </ClCompile>
    <ClCompile Include="PlayerWidget.cpp">
      <Filter>Source Files\PlayerWidget</Filter>
    </ClCompile>
    <ClCompile Include="ToolFrame.cpp">
      <Filter>Source Files\PlayerWidget</Filter>
    </ClCompile>
    <ClCompile Include="VideoWidget.cpp">
      <Filter>Source Files\PlayerWidget</Filter>
    </ClCompile>
    <ClCompile Include="Slider.cpp">
      <Filter>Source Files\PlayerWidget</Filter>
    </ClCompile>
  </ItemGroup>
  <ItemGroup>
    <QtMoc Include="MyVideoPlayer.h">
      <Filter>Header Files</Filter>
    </QtMoc>
    <QtMoc Include="BrowserWindow.h">
      <Filter>Header Files\Browser</Filter>
    </QtMoc>
    <QtMoc Include="TabWidget.h">
      <Filter>Header Files\Browser</Filter>
    </QtMoc>
    <QtMoc Include="WebPage.h">
      <Filter>Header Files\Browser</Filter>
    </QtMoc>
    <QtMoc Include="WebView.h">
      <Filter>Header Files\Browser</Filter>
    </QtMoc>
    <QtMoc Include="Tencent.h">
      <Filter>Header Files\API</Filter>
    </QtMoc>
    <QtMoc Include="NetworkTools.h">
      <Filter>Header Files</Filter>
    </QtMoc>
    <QtMoc Include="PlayerWidget.h">
      <Filter>Header Files\PlayerWidget</Filter>
    </QtMoc>
    <QtMoc Include="ToolFrame.h">
      <Filter>Header Files\PlayerWidget</Filter>
    </QtMoc>
    <QtMoc Include="VideoWidget.h">
      <Filter>Header Files\PlayerWidget</Filter>
    </QtMoc>
    <QtMoc Include="Slider.h">
      <Filter>Header Files\PlayerWidget</Filter>
    </QtMoc>
  </ItemGroup>
  <ItemGroup>
    <QtUic Include="PlayerWidget.ui">
      <Filter>Form Files</Filter>
    </QtUic>
  </ItemGroup>
  <ItemGroup>
    <QtRcc Include="MyVideoPlayer.qrc">
      <Filter>Resource Files</Filter>
    </QtRcc>
  </ItemGroup>
  <ItemGroup>
    <ClInclude Include="PlayerInterface.h">
      <Filter>Header Files\PlayerWidget</Filter>
    </ClInclude>
    <ClInclude Include="Widget.h">
      <Filter>Header Files</Filter>
    </ClInclude>
    <ClInclude Include="ScreenSaverCtrl.h">
      <Filter>Header Files</Filter>
    </ClInclude>
    <ClInclude Include="VideoApi.h">
      <Filter>Header Files\API</Filter>
    </ClInclude>
    <ClInclude Include="VideoApiFactory.h">
      <Filter>Header Files\Factory</Filter>
    </ClInclude>
  </ItemGroup>
</Project>